{
  "name": "org-cleaner",
  "version": "1.0.0",
  "lockfileVersion": 1,
  "requires": true,
  "dependencies": {
    "@esri/arcgis-rest-auth": {
      "version": "2.6.1",
      "resolved": "https://registry.npmjs.org/@esri/arcgis-rest-auth/-/arcgis-rest-auth-2.6.1.tgz",
      "integrity": "sha512-smGe4SfEjcDYIwdua3H1asKSXky5cw1J+jEboUIFn9BRbvL+pndFT0sjTBy04qw913EDGU2UojPUDAPcimHrBA==",
      "requires": {
        "@esri/arcgis-rest-types": "^2.6.1",
        "tslib": "^1.9.3"
      }
    },
    "@esri/arcgis-rest-common-types": {
      "version": "1.19.2",
      "resolved": "https://registry.npmjs.org/@esri/arcgis-rest-common-types/-/arcgis-rest-common-types-1.19.2.tgz",
      "integrity": "sha512-K+8WrYF2DE7MDHPzR2jOXgdKjQudw1cyeV31Uv933tKKtnpL9eRu0VTdu2CTVBdfuMyIGZnVOf9JgTjvyW4few=="
    },
    "@esri/arcgis-rest-portal": {
      "version": "2.6.1",
      "resolved": "https://registry.npmjs.org/@esri/arcgis-rest-portal/-/arcgis-rest-portal-2.6.1.tgz",
      "integrity": "sha512-1v1+gtiNhHaYDgwDvm4aLjXeu4+V/+uG7upMk2DPRPd/ZV6ZywkzgA/dTQPffLz6detke9+m/YO/L0m5KRP27g==",
      "requires": {
        "@esri/arcgis-rest-types": "^2.6.1",
        "tslib": "^1.9.3"
      }
    },
    "@esri/arcgis-rest-request": {
      "version": "2.6.1",
      "resolved": "https://registry.npmjs.org/@esri/arcgis-rest-request/-/arcgis-rest-request-2.6.1.tgz",
      "integrity": "sha512-Dp6f/ArgwncnR/Gv1v6j+f4km6uf56ygUqqWBfq/ZbyWD8f1iw0E7yjIMf+mfr8uXHhTwvwvFLml4Wa1J/pbIw==",
      "requires": {
        "tslib": "^1.9.3"
      }
    },
    "@esri/arcgis-rest-types": {
      "version": "2.6.1",
      "resolved": "https://registry.npmjs.org/@esri/arcgis-rest-types/-/arcgis-rest-types-2.6.1.tgz",
      "integrity": "sha512-iBdin1odDUieRUkCjcZZ2zbQDaB+6dzMFBHozeLIC78J7OnZnhLcpyZ8LpwxP4p9ooXRbNFiqTAPR7QMHQH47Q=="
    },
    "@esri/hub-common": {
      "version": "1.11.1",
      "resolved": "https://registry.npmjs.org/@esri/hub-common/-/hub-common-1.11.1.tgz",
      "integrity": "sha512-4SiPG5bfCDAhGEp/89bATIRdszDkHKmtWwobYHm76iTrgwf+HFFYluxFfr/VfUZc/gM658HheW1Nkrwmgq7FpA==",
      "requires": {
        "@esri/arcgis-rest-common-types": "^1.19.0",
        "@esri/arcgis-rest-request": "^1.19.0"
      },
      "dependencies": {
        "@esri/arcgis-rest-request": {
          "version": "1.19.2",
          "resolved": "https://registry.npmjs.org/@esri/arcgis-rest-request/-/arcgis-rest-request-1.19.2.tgz",
          "integrity": "sha512-7NVFaokEuu3GRnNPOIHUcgHHnNBpEwpu4iQOC49nm40oNnAwF+2xjNU5bhvP+ja/UT3K/sNSn2H+Xo6i9CgQew==",
          "requires": {
            "tslib": "^1.9.3"
          }
        }
      }
    },
    "asynckit": {
      "version": "0.4.0",
      "resolved": "https://registry.npmjs.org/asynckit/-/asynckit-0.4.0.tgz",
      "integrity": "sha1-x57Zf380y48robyXkLzDZkdLS3k="
    },
    "combined-stream": {
      "version": "1.0.8",
      "resolved": "https://registry.npmjs.org/combined-stream/-/combined-stream-1.0.8.tgz",
      "integrity": "sha512-FQN4MRfuJeHf7cBbBMJFXhKSDq+2kAArBlmRBvcvFE5BB1HZKXtSFASDhdlz9zOYwxh8lDdnvmMOe/+5cdoEdg==",
      "requires": {
        "delayed-stream": "~1.0.0"
      }
    },
    "delayed-stream": {
      "version": "1.0.0",
      "resolved": "https://registry.npmjs.org/delayed-stream/-/delayed-stream-1.0.0.tgz",
      "integrity": "sha1-3zrhmayt+31ECqrgsp4icrJOxhk="
    },
    "dotenv": {
      "version": "6.2.0",
      "resolved": "https://registry.npmjs.org/dotenv/-/dotenv-6.2.0.tgz",
      "integrity": "sha512-HygQCKUBSFl8wKQZBSemMywRWcEDNidvNbjGVyZu3nbZ8qq9ubiPoGLMdRDpfSrpkkm9BXYFkpKxxFX38o/76w=="
    },
    "encoding": {
      "version": "0.1.12",
      "resolved": "https://registry.npmjs.org/encoding/-/encoding-0.1.12.tgz",
      "integrity": "sha1-U4tm8+5izRq1HsMjgp0flIDHS+s=",
      "requires": {
        "iconv-lite": "~0.4.13"
      }
    },
    "form-data": {
      "version": "2.5.1",
      "resolved": "https://registry.npmjs.org/form-data/-/form-data-2.5.1.tgz",
      "integrity": "sha512-m21N3WOmEEURgk6B9GLOE4RuWOFf28Lhh9qGYeNlGq4VDXUlJy2th2slBNU8Gp8EzloYZOibZJ7t5ecIrFSjVA==",
      "requires": {
        "asynckit": "^0.4.0",
        "combined-stream": "^1.0.6",
        "mime-types": "^2.1.12"
      }
    },
    "iconv-lite": {
      "version": "0.4.24",
      "resolved": "https://registry.npmjs.org/iconv-lite/-/iconv-lite-0.4.24.tgz",
      "integrity": "sha512-v3MXnZAcvnywkTUEZomIActle7RXXeedOR31wwl7VlyoXO4Qi9arvSenNQWne1TcRwhCL1HwLI21bEqdpj8/rA==",
      "requires": {
        "safer-buffer": ">= 2.1.2 < 3"
      }
    },
    "is-stream": {
      "version": "1.1.0",
      "resolved": "https://registry.npmjs.org/is-stream/-/is-stream-1.1.0.tgz",
      "integrity": "sha1-EtSj3U5o4Lec6428hBc66A2RykQ="
    },
    "isomorphic-fetch": {
      "version": "2.2.1",
      "resolved": "https://registry.npmjs.org/isomorphic-fetch/-/isomorphic-fetch-2.2.1.tgz",
      "integrity": "sha1-YRrhrPFPXoH3KVB0coGf6XM1WKk=",
      "requires": {
        "node-fetch": "^1.0.1",
        "whatwg-fetch": ">=0.10.0"
      }
    },
    "isomorphic-form-data": {
      "version": "2.0.0",
      "resolved": "https://registry.npmjs.org/isomorphic-form-data/-/isomorphic-form-data-2.0.0.tgz",
      "integrity": "sha512-TYgVnXWeESVmQSg4GLVbalmQ+B4NPi/H4eWxqALKj63KsUrcu301YDjBqaOw3h+cbak7Na4Xyps3BiptHtxTfg==",
      "requires": {
        "form-data": "^2.3.2"
      }
    },
    "mime-db": {
      "version": "1.42.0",
      "resolved": "https://registry.npmjs.org/mime-db/-/mime-db-1.42.0.tgz",
      "integrity": "sha512-UbfJCR4UAVRNgMpfImz05smAXK7+c+ZntjaA26ANtkXLlOe947Aag5zdIcKQULAiF9Cq4WxBi9jUs5zkA84bYQ=="
    },
    "mime-types": {
      "version": "2.1.25",
      "resolved": "https://registry.npmjs.org/mime-types/-/mime-types-2.1.25.tgz",
      "integrity": "sha512-5KhStqB5xpTAeGqKBAMgwaYMnQik7teQN4IAzC7npDv6kzeU6prfkR67bc87J1kWMPGkoaZSq1npmexMgkmEVg==",
      "requires": {
        "mime-db": "1.42.0"
      }
    },
    "node-fetch": {
      "version": "1.7.3",
      "resolved": "https://registry.npmjs.org/node-fetch/-/node-fetch-1.7.3.tgz",
      "integrity": "sha512-NhZ4CsKx7cYm2vSrBAr2PvFOe6sWDf0UYLRqA6svUYg7+/TSfVAu49jYC4BvQ4Sms9SZgdqGBgroqfDhJdTyKQ==",
      "requires": {
        "encoding": "^0.1.11",
        "is-stream": "^1.0.1"
      }
    },
    "safer-buffer": {
      "version": "2.1.2",
      "resolved": "https://registry.npmjs.org/safer-buffer/-/safer-buffer-2.1.2.tgz",
      "integrity": "sha512-YZo3K82SD7Riyi0E1EQPojLz7kpepnSQI9IyPbHHg1XXXevb5dJI7tpyN2ADxGcQbHG7vcyRHk0cbwqcQriUtg=="
    },
    "tslib": {
      "version": "1.10.0",
      "resolved": "https://registry.npmjs.org/tslib/-/tslib-1.10.0.tgz",
      "integrity": "sha512-qOebF53frne81cf0S9B41ByenJ3/IuH8yJKngAX35CmiZySA0khhkovshKK+jGCaMnVomla7gVlIcc3EvKPbTQ=="
    },
    "whatwg-fetch": {
      "version": "3.0.0",
      "resolved": "https://registry.npmjs.org/whatwg-fetch/-/whatwg-fetch-3.0.0.tgz",
      "integrity": "sha512-9GSJUgz1D4MfyKU7KRqwOjXCXTqWdFNvEr7eUBYchQiVc744mqK/MzXPNR2WsPkmkOa4ywfg8C2n8h+13Bey1Q=="
    }
  }
}
